
Microsoft Visual Studio Solution File, Format Version 12.00
# Visual Studio Version 16
VisualStudioVersion = 16.0.30225.117
MinimumVisualStudioVersion = 10.0.40219.1
Project("{FAE04EC0-301F-11D3-BF4B-00C04F79EFBC}") = "ConsoleApp129", "ConsoleApp129\ConsoleApp129.csproj", "{E65CA316-A5DD-477A-8E8F-7C43723C14BE}"
EndProject
Global
	GlobalSection(SolutionConfigurationPlatforms) = preSolution
		Debug|Any CPU = Debug|Any CPU
		Release|Any CPU = Release|Any CPU
	EndGlobalSection
	GlobalSection(ProjectConfigurationPlatforms) = postSolution
		{E65CA316-A5DD-477A-8E8F-7C43723C14BE}.Debug|Any CPU.ActiveCfg = Debug|Any CPU
		{E65CA316-A5DD-477A-8E8F-7C43723C14BE}.Debug|Any CPU.Build.0 = Debug|Any CPU
		{E65CA316-A5DD-477A-8E8F-7C43723C14BE}.Release|Any CPU.ActiveCfg = Release|Any CPU
		{E65CA316-A5DD-477A-8E8F-7C43723C14BE}.Release|Any CPU.Build.0 = Release|Any CPU
	EndGlobalSection
	GlobalSection(SolutionProperties) = preSolution
		HideSolutionNode = FALSE
	EndGlobalSection
	GlobalSection(ExtensibilityGlobals) = postSolution
		SolutionGuid = {2E639D20-2A77-4D05-95C2-F60F49AED066}
	EndGlobalSection
EndGlobal
